# THIS IS AN AUTOGENERATED FILE. DO NOT EDIT THIS FILE DIRECTLY.
# yarn lockfile v1


"hyperapp@github:icylace/hyperapp#master":
  version "2.0.8"
  resolved "https://codeload.github.com/icylace/hyperapp/tar.gz/0b7049f35ffadf32cf71a362c560a0719649bc0d"

lit-ntml@^2.18.2:
  version "2.18.2"
  resolved "https://registry.yarnpkg.com/lit-ntml/-/lit-ntml-2.18.2.tgz#85e52659f0449bd553f500930b4b0cd551e06bd1"
  integrity sha512-5jJwlcFvamwzv55HFpNXpYTJRTXKpkLXZrr4gh+Vkj+3VrjbdpMOgZSKHpNZ5j/uVccEYTadM34UR9k++94lDw==
  dependencies:
    parse5 "^6.0.1"
    tslib "^2.0.2"

lodash@^4.17.21:
  version "4.17.21"
  resolved "https://registry.yarnpkg.com/lodash/-/lodash-4.17.21.tgz#679591c564c3bffaae8454cf0b3df370c3d6911c"
  integrity sha512-v2kDEe57lecTulaDIuNTPy3Ry4gLGJ6Z1O3vE1krgXZNrsQ+LFTGHVxVjcXPs17LhbZVGedAJv8XZ1tvj5FvSg==

ntml@^0.1.42:
  version "0.1.42"
  resolved "https://registry.yarnpkg.com/ntml/-/ntml-0.1.42.tgz#af42b7118fd1362fafd61daacefe759667db6e66"
  integrity sha512-9WvodGmGDlt2Rqo7f4gHtnyDhpTYtn0CgQ5KHL5k6kndPwDiwKEp8F+XnvRxExnRZnCNr7FOlnGlbeXxedGT6A==
  dependencies:
    hyperapp "github:icylace/hyperapp#master"

parse5@^6.0.1:
  version "6.0.1"
  resolved "https://registry.yarnpkg.com/parse5/-/parse5-6.0.1.tgz#e1a1c085c569b3dc08321184f19a39cc27f7c30b"
  integrity sha512-Ofn/CTFzRGTTxwpNEs9PP93gXShHcTq255nzRYSKe8AkVpZY7e1fpmTfOyoIvjP5HG7Z2ZM7VS9PPhQGW2pOpw==

tslib@^2.0.2:
  version "2.1.0"
  resolved "https://registry.yarnpkg.com/tslib/-/tslib-2.1.0.tgz#da60860f1c2ecaa5703ab7d39bc05b6bf988b97a"
  integrity sha512-hcVC3wYEziELGGmEEXue7D75zbwIIVUMWAVbHItGPx0ziyXxrOMQx4rQEVEV45Ut/1IotuEvwqPopzIOkDMf0A==
